
Microsoft Visual Studio Solution File, Format Version 12.00
# Visual Studio Version 17
VisualStudioVersion = 17.8.34511.84
MinimumVisualStudioVersion = 10.0.40219.1
Project("{FAE04EC0-301F-11D3-BF4B-00C04F79EFBC}") = "KonferenciaProjekt", "KonferenciaProjekt\KonferenciaProjekt.csproj", "{25438B23-F7E1-49EC-82D9-C3708C8434CE}"
EndProject
Global
	GlobalSection(SolutionConfigurationPlatforms) = preSolution
		Debug|Any CPU = Debug|Any CPU
		Release|Any CPU = Release|Any CPU
	EndGlobalSection
	GlobalSection(ProjectConfigurationPlatforms) = postSolution
		{25438B23-F7E1-49EC-82D9-C3708C8434CE}.Debug|Any CPU.ActiveCfg = Debug|Any CPU
		{25438B23-F7E1-49EC-82D9-C3708C8434CE}.Debug|Any CPU.Build.0 = Debug|Any CPU
		{25438B23-F7E1-49EC-82D9-C3708C8434CE}.Release|Any CPU.ActiveCfg = Release|Any CPU
		{25438B23-F7E1-49EC-82D9-C3708C8434CE}.Release|Any CPU.Build.0 = Release|Any CPU
	EndGlobalSection
	GlobalSection(SolutionProperties) = preSolution
		HideSolutionNode = FALSE
	EndGlobalSection
	GlobalSection(ExtensibilityGlobals) = postSolution
		SolutionGuid = {00579AB1-2999-4726-8B2B-E095F0FB27A7}
	EndGlobalSection
EndGlobal
